
Microsoft Visual Studio Solution File, Format Version 12.00
# Visual Studio Version 17
VisualStudioVersion = 17.0.31903.59
MinimumVisualStudioVersion = 10.0.40219.1
Project("{2150E333-8FDC-42A3-9474-1A3956D46DE8}") = "src", "src", "{3D42CA80-7308-4104-B9D2-FDDE750C482E}"
EndProject
Project("{FAE04EC0-301F-11D3-BF4B-00C04F79EFBC}") = "Application", "src\Application\Application.csproj", "{DCF8F638-FB1D-4B6F-9941-4639828337F1}"
EndProject
Project("{FAE04EC0-301F-11D3-BF4B-00C04F79EFBC}") = "RadiusDomain", "src\RadiusDomain\RadiusDomain.csproj", "{B9D1FC3C-F9A4-4B9C-84E9-9B827453758A}"
EndProject
Project("{2150E333-8FDC-42A3-9474-1A3956D46DE8}") = "tests", "tests", "{D11901FA-5D36-42A4-A69C-4E5AB105A171}"
EndProject
Project("{FAE04EC0-301F-11D3-BF4B-00C04F79EFBC}") = "RadiusDomain.UnitTests", "tests\RadiusDomain.UnitTests\RadiusDomain.UnitTests.csproj", "{15A9F9DB-C57C-4164-AB6C-122B8E52F4C0}"
EndProject
Project("{FAE04EC0-301F-11D3-BF4B-00C04F79EFBC}") = "FradminDomain", "src\FradminDomain\FradminDomain.csproj", "{EEA1A766-9EE1-4336-BE44-89537F38755C}"
EndProject
Project("{FAE04EC0-301F-11D3-BF4B-00C04F79EFBC}") = "FradminDomain.UnitTest", "tests\FradminDomain.UnitTests\FradminDomain.UnitTest.csproj", "{DD0170C0-7B31-4326-A9F5-B09957836F04}"
EndProject
Global
	GlobalSection(SolutionConfigurationPlatforms) = preSolution
		Debug|Any CPU = Debug|Any CPU
		Release|Any CPU = Release|Any CPU
	EndGlobalSection
	GlobalSection(SolutionProperties) = preSolution
		HideSolutionNode = FALSE
	EndGlobalSection
	GlobalSection(ProjectConfigurationPlatforms) = postSolution
		{DCF8F638-FB1D-4B6F-9941-4639828337F1}.Debug|Any CPU.ActiveCfg = Debug|Any CPU
		{DCF8F638-FB1D-4B6F-9941-4639828337F1}.Debug|Any CPU.Build.0 = Debug|Any CPU
		{DCF8F638-FB1D-4B6F-9941-4639828337F1}.Release|Any CPU.ActiveCfg = Release|Any CPU
		{DCF8F638-FB1D-4B6F-9941-4639828337F1}.Release|Any CPU.Build.0 = Release|Any CPU
		{B9D1FC3C-F9A4-4B9C-84E9-9B827453758A}.Debug|Any CPU.ActiveCfg = Debug|Any CPU
		{B9D1FC3C-F9A4-4B9C-84E9-9B827453758A}.Debug|Any CPU.Build.0 = Debug|Any CPU
		{B9D1FC3C-F9A4-4B9C-84E9-9B827453758A}.Release|Any CPU.ActiveCfg = Release|Any CPU
		{B9D1FC3C-F9A4-4B9C-84E9-9B827453758A}.Release|Any CPU.Build.0 = Release|Any CPU
		{15A9F9DB-C57C-4164-AB6C-122B8E52F4C0}.Debug|Any CPU.ActiveCfg = Debug|Any CPU
		{15A9F9DB-C57C-4164-AB6C-122B8E52F4C0}.Debug|Any CPU.Build.0 = Debug|Any CPU
		{15A9F9DB-C57C-4164-AB6C-122B8E52F4C0}.Release|Any CPU.ActiveCfg = Release|Any CPU
		{15A9F9DB-C57C-4164-AB6C-122B8E52F4C0}.Release|Any CPU.Build.0 = Release|Any CPU
		{EEA1A766-9EE1-4336-BE44-89537F38755C}.Debug|Any CPU.ActiveCfg = Debug|Any CPU
		{EEA1A766-9EE1-4336-BE44-89537F38755C}.Debug|Any CPU.Build.0 = Debug|Any CPU
		{EEA1A766-9EE1-4336-BE44-89537F38755C}.Release|Any CPU.ActiveCfg = Release|Any CPU
		{EEA1A766-9EE1-4336-BE44-89537F38755C}.Release|Any CPU.Build.0 = Release|Any CPU
		{DD0170C0-7B31-4326-A9F5-B09957836F04}.Debug|Any CPU.ActiveCfg = Debug|Any CPU
		{DD0170C0-7B31-4326-A9F5-B09957836F04}.Debug|Any CPU.Build.0 = Debug|Any CPU
		{DD0170C0-7B31-4326-A9F5-B09957836F04}.Release|Any CPU.ActiveCfg = Release|Any CPU
		{DD0170C0-7B31-4326-A9F5-B09957836F04}.Release|Any CPU.Build.0 = Release|Any CPU
	EndGlobalSection
	GlobalSection(NestedProjects) = preSolution
		{DCF8F638-FB1D-4B6F-9941-4639828337F1} = {3D42CA80-7308-4104-B9D2-FDDE750C482E}
		{B9D1FC3C-F9A4-4B9C-84E9-9B827453758A} = {3D42CA80-7308-4104-B9D2-FDDE750C482E}
		{15A9F9DB-C57C-4164-AB6C-122B8E52F4C0} = {D11901FA-5D36-42A4-A69C-4E5AB105A171}
		{EEA1A766-9EE1-4336-BE44-89537F38755C} = {3D42CA80-7308-4104-B9D2-FDDE750C482E}
		{DD0170C0-7B31-4326-A9F5-B09957836F04} = {D11901FA-5D36-42A4-A69C-4E5AB105A171}
	EndGlobalSection
EndGlobal
